
Microsoft Visual Studio Solution File, Format Version 12.00
# Visual Studio Version 17
VisualStudioVersion = 17.7.34221.43
MinimumVisualStudioVersion = 10.0.40219.1
Project("{FAE04EC0-301F-11D3-BF4B-00C04F79EFBC}") = "Martin codealong 0612", "Martin codealong 0612\Martin codealong 0612.csproj", "{F4E92FB1-B8F9-4C5F-929D-A9113EF8B958}"
EndProject
Global
	GlobalSection(SolutionConfigurationPlatforms) = preSolution
		Debug|Any CPU = Debug|Any CPU
		Release|Any CPU = Release|Any CPU
	EndGlobalSection
	GlobalSection(ProjectConfigurationPlatforms) = postSolution
		{F4E92FB1-B8F9-4C5F-929D-A9113EF8B958}.Debug|Any CPU.ActiveCfg = Debug|Any CPU
		{F4E92FB1-B8F9-4C5F-929D-A9113EF8B958}.Debug|Any CPU.Build.0 = Debug|Any CPU
		{F4E92FB1-B8F9-4C5F-929D-A9113EF8B958}.Release|Any CPU.ActiveCfg = Release|Any CPU
		{F4E92FB1-B8F9-4C5F-929D-A9113EF8B958}.Release|Any CPU.Build.0 = Release|Any CPU
	EndGlobalSection
	GlobalSection(SolutionProperties) = preSolution
		HideSolutionNode = FALSE
	EndGlobalSection
	GlobalSection(ExtensibilityGlobals) = postSolution
		SolutionGuid = {2CE012DB-CC6E-4576-BC2B-34EA1C0F866D}
	EndGlobalSection
EndGlobal
